
Microsoft Visual Studio Solution File, Format Version 12.00
# Visual Studio Version 17
VisualStudioVersion = 17.14.36603.0
MinimumVisualStudioVersion = 10.0.40219.1
Project("{FAE04EC0-301F-11D3-BF4B-00C04F79EFBC}") = "FindersJeepers", "FindersJeepers\FindersJeepers\FindersJeepers.csproj", "{3BE9248F-EE8D-4D50-BA1C-D8014577CE99}"
EndProject
Project("{FAE04EC0-301F-11D3-BF4B-00C04F79EFBC}") = "FindersJeepers.Client", "FindersJeepers\FindersJeepers.Client\FindersJeepers.Client.csproj", "{9823B61C-CC99-4304-9D86-A3D7A37CFAFE}"
EndProject
Project("{FAE04EC0-301F-11D3-BF4B-00C04F79EFBC}") = "Shared", "Shared\Shared.csproj", "{56DCD85D-7034-40F7-BF0D-85F338B8A898}"
EndProject
Global
	GlobalSection(SolutionConfigurationPlatforms) = preSolution
		Debug|Any CPU = Debug|Any CPU
		Release|Any CPU = Release|Any CPU
	EndGlobalSection
	GlobalSection(ProjectConfigurationPlatforms) = postSolution
		{3BE9248F-EE8D-4D50-BA1C-D8014577CE99}.Debug|Any CPU.ActiveCfg = Debug|Any CPU
		{3BE9248F-EE8D-4D50-BA1C-D8014577CE99}.Debug|Any CPU.Build.0 = Debug|Any CPU
		{3BE9248F-EE8D-4D50-BA1C-D8014577CE99}.Release|Any CPU.ActiveCfg = Release|Any CPU
		{3BE9248F-EE8D-4D50-BA1C-D8014577CE99}.Release|Any CPU.Build.0 = Release|Any CPU
		{9823B61C-CC99-4304-9D86-A3D7A37CFAFE}.Debug|Any CPU.ActiveCfg = Debug|Any CPU
		{9823B61C-CC99-4304-9D86-A3D7A37CFAFE}.Debug|Any CPU.Build.0 = Debug|Any CPU
		{9823B61C-CC99-4304-9D86-A3D7A37CFAFE}.Release|Any CPU.ActiveCfg = Release|Any CPU
		{9823B61C-CC99-4304-9D86-A3D7A37CFAFE}.Release|Any CPU.Build.0 = Release|Any CPU
		{56DCD85D-7034-40F7-BF0D-85F338B8A898}.Debug|Any CPU.ActiveCfg = Debug|Any CPU
		{56DCD85D-7034-40F7-BF0D-85F338B8A898}.Debug|Any CPU.Build.0 = Debug|Any CPU
		{56DCD85D-7034-40F7-BF0D-85F338B8A898}.Release|Any CPU.ActiveCfg = Release|Any CPU
		{56DCD85D-7034-40F7-BF0D-85F338B8A898}.Release|Any CPU.Build.0 = Release|Any CPU
	EndGlobalSection
	GlobalSection(SolutionProperties) = preSolution
		HideSolutionNode = FALSE
	EndGlobalSection
	GlobalSection(ExtensibilityGlobals) = postSolution
		SolutionGuid = {0241B696-3C4D-4957-86EB-AAE7EF90F3DB}
	EndGlobalSection
EndGlobal
